{
  "nodes": {
    "home-manager": {
      "inputs": {
        "nixpkgs": [
          "zen-browser",
          "nixpkgs"
        ]
      },
      "locked": {
        "lastModified": 1772330611,
        "narHash": "sha256-UZjPc/d5XRxvjDbk4veAO4XFdvx6BUum2l40V688Xq8=",
        "owner": "nix-community",
        "repo": "home-manager",
        "rev": "58fd7ff0eec2cda43e705c4c0585729ec471d400",
        "type": "github"
      },
      "original": {
        "owner": "nix-community",
        "repo": "home-manager",
        "type": "github"
      }
    },
    "nixpkgs": {
      "locked": {
        "lastModified": 1772773019,
        "narHash": "sha256-E1bxHxNKfDoQUuvriG71+f+s/NT0qWkImXsYZNFFfCs=",
        "owner": "nixos",
        "repo": "nixpkgs",
        "rev": "aca4d95fce4914b3892661bcb80b8087293536c6",
        "type": "github"
      },
      "original": {
        "owner": "nixos",
        "ref": "nixos-unstable",
        "repo": "nixpkgs",
        "type": "github"
      }
    },
    "nixpkgs_2": {
      "locked": {
        "lastModified": 1772433332,
        "narHash": "sha256-izhTDFKsg6KeVBxJS9EblGeQ8y+O8eCa6RcW874vxEc=",
        "owner": "NixOS",
        "repo": "nixpkgs",
        "rev": "cf59864ef8aa2e178cccedbe2c178185b0365705",
        "type": "github"
      },
      "original": {
        "owner": "NixOS",
        "ref": "nixos-unstable",
        "repo": "nixpkgs",
        "type": "github"
      }
    },
    "nixpkgs_3": {
      "locked": {
        "lastModified": 1772198003,
        "narHash": "sha256-I45esRSssFtJ8p/gLHUZ1OUaaTaVLluNkABkk6arQwE=",
        "owner": "nixos",
        "repo": "nixpkgs",
        "rev": "dd9b079222d43e1943b6ebd802f04fd959dc8e61",
        "type": "github"
      },
      "original": {
        "owner": "nixos",
        "ref": "nixos-unstable",
        "repo": "nixpkgs",
        "type": "github"
      }
    },
    "phonetic": {
      "inputs": {
        "nixpkgs": "nixpkgs_2"
      },
      "locked": {
        "lastModified": 1772538061,
        "narHash": "sha256-n4ZIObdikB6VGhPVCSnkV6c/6JD4V5aZ89yL5kknNS4=",
        "owner": "startino",
        "repo": "phonetic",
        "rev": "ddede66de183e584ef917d64c60114e0bda88992",
        "type": "github"
      },
      "original": {
        "owner": "startino",
        "repo": "phonetic",
        "type": "github"
      }
    },
    "root": {
      "inputs": {
        "nixpkgs": "nixpkgs",
        "phonetic": "phonetic",
        "zen-browser": "zen-browser"
      }
    },
    "zen-browser": {
      "inputs": {
        "home-manager": "home-manager",
        "nixpkgs": "nixpkgs_3"
      },
      "locked": {
        "lastModified": 1772945022,
        "narHash": "sha256-Fv14NttjL/7xfi6eVwrSEBAyBvDjI00RLiRNqA5apcw=",
        "owner": "0xc000022070",
        "repo": "zen-browser-flake",
        "rev": "3a6a5ca7fb48cc8fd8183386506a06579d1d79dc",
        "type": "github"
      },
      "original": {
        "owner": "0xc000022070",
        "repo": "zen-browser-flake",
        "type": "github"
      }
    }
  },
  "root": "root",
  "version": 7
}
